
Microsoft Visual Studio Solution File, Format Version 12.00
# Visual Studio Version 17
VisualStudioVersion = 17.0.31903.59
MinimumVisualStudioVersion = 10.0.40219.1
Project("{FAE04EC0-301F-11D3-BF4B-00C04F79EFBC}") = "Bitness.Core", "Bitness.Core\Bitness.Core.csproj", "{C7C02FEE-1C47-4C6E-8DC7-3027BB6DF564}"
EndProject
Project("{FAE04EC0-301F-11D3-BF4B-00C04F79EFBC}") = "Bitness.CLI", "Bitness.CLI\Bitness.CLI.csproj", "{97AA083E-27FF-40B8-970F-B5585AAE0533}"
EndProject
Project("{FAE04EC0-301F-11D3-BF4B-00C04F79EFBC}") = "Bitness.GUI", "Bitness.GUI\Bitness.GUI.csproj", "{A0F9162B-C1D8-4EC7-B01D-E02A9620BF88}"
EndProject
Global
	GlobalSection(SolutionConfigurationPlatforms) = preSolution
		Debug|Any CPU = Debug|Any CPU
		Debug|x64 = Debug|x64
		Debug|x86 = Debug|x86
		Release|Any CPU = Release|Any CPU
		Release|x64 = Release|x64
		Release|x86 = Release|x86
	EndGlobalSection
	GlobalSection(ProjectConfigurationPlatforms) = postSolution
		{C7C02FEE-1C47-4C6E-8DC7-3027BB6DF564}.Debug|Any CPU.ActiveCfg = Debug|Any CPU
		{C7C02FEE-1C47-4C6E-8DC7-3027BB6DF564}.Debug|Any CPU.Build.0 = Debug|Any CPU
		{C7C02FEE-1C47-4C6E-8DC7-3027BB6DF564}.Debug|x64.ActiveCfg = Debug|Any CPU
		{C7C02FEE-1C47-4C6E-8DC7-3027BB6DF564}.Debug|x64.Build.0 = Debug|Any CPU
		{C7C02FEE-1C47-4C6E-8DC7-3027BB6DF564}.Debug|x86.ActiveCfg = Debug|Any CPU
		{C7C02FEE-1C47-4C6E-8DC7-3027BB6DF564}.Debug|x86.Build.0 = Debug|Any CPU
		{C7C02FEE-1C47-4C6E-8DC7-3027BB6DF564}.Release|Any CPU.ActiveCfg = Release|Any CPU
		{C7C02FEE-1C47-4C6E-8DC7-3027BB6DF564}.Release|Any CPU.Build.0 = Release|Any CPU
		{C7C02FEE-1C47-4C6E-8DC7-3027BB6DF564}.Release|x64.ActiveCfg = Release|Any CPU
		{C7C02FEE-1C47-4C6E-8DC7-3027BB6DF564}.Release|x64.Build.0 = Release|Any CPU
		{C7C02FEE-1C47-4C6E-8DC7-3027BB6DF564}.Release|x86.ActiveCfg = Release|Any CPU
		{C7C02FEE-1C47-4C6E-8DC7-3027BB6DF564}.Release|x86.Build.0 = Release|Any CPU
		{97AA083E-27FF-40B8-970F-B5585AAE0533}.Debug|Any CPU.ActiveCfg = Debug|Any CPU
		{97AA083E-27FF-40B8-970F-B5585AAE0533}.Debug|Any CPU.Build.0 = Debug|Any CPU
		{97AA083E-27FF-40B8-970F-B5585AAE0533}.Debug|x64.ActiveCfg = Debug|Any CPU
		{97AA083E-27FF-40B8-970F-B5585AAE0533}.Debug|x64.Build.0 = Debug|Any CPU
		{97AA083E-27FF-40B8-970F-B5585AAE0533}.Debug|x86.ActiveCfg = Debug|Any CPU
		{97AA083E-27FF-40B8-970F-B5585AAE0533}.Debug|x86.Build.0 = Debug|Any CPU
		{97AA083E-27FF-40B8-970F-B5585AAE0533}.Release|Any CPU.ActiveCfg = Release|Any CPU
		{97AA083E-27FF-40B8-970F-B5585AAE0533}.Release|Any CPU.Build.0 = Release|Any CPU
		{97AA083E-27FF-40B8-970F-B5585AAE0533}.Release|x64.ActiveCfg = Release|Any CPU
		{97AA083E-27FF-40B8-970F-B5585AAE0533}.Release|x64.Build.0 = Release|Any CPU
		{97AA083E-27FF-40B8-970F-B5585AAE0533}.Release|x86.ActiveCfg = Release|Any CPU
		{97AA083E-27FF-40B8-970F-B5585AAE0533}.Release|x86.Build.0 = Release|Any CPU
		{A0F9162B-C1D8-4EC7-B01D-E02A9620BF88}.Debug|Any CPU.ActiveCfg = Debug|Any CPU
		{A0F9162B-C1D8-4EC7-B01D-E02A9620BF88}.Debug|Any CPU.Build.0 = Debug|Any CPU
		{A0F9162B-C1D8-4EC7-B01D-E02A9620BF88}.Debug|x64.ActiveCfg = Debug|Any CPU
		{A0F9162B-C1D8-4EC7-B01D-E02A9620BF88}.Debug|x64.Build.0 = Debug|Any CPU
		{A0F9162B-C1D8-4EC7-B01D-E02A9620BF88}.Debug|x86.ActiveCfg = Debug|Any CPU
		{A0F9162B-C1D8-4EC7-B01D-E02A9620BF88}.Debug|x86.Build.0 = Debug|Any CPU
		{A0F9162B-C1D8-4EC7-B01D-E02A9620BF88}.Release|Any CPU.ActiveCfg = Release|Any CPU
		{A0F9162B-C1D8-4EC7-B01D-E02A9620BF88}.Release|Any CPU.Build.0 = Release|Any CPU
		{A0F9162B-C1D8-4EC7-B01D-E02A9620BF88}.Release|x64.ActiveCfg = Release|Any CPU
		{A0F9162B-C1D8-4EC7-B01D-E02A9620BF88}.Release|x64.Build.0 = Release|Any CPU
		{A0F9162B-C1D8-4EC7-B01D-E02A9620BF88}.Release|x86.ActiveCfg = Release|Any CPU
		{A0F9162B-C1D8-4EC7-B01D-E02A9620BF88}.Release|x86.Build.0 = Release|Any CPU
	EndGlobalSection
	GlobalSection(SolutionProperties) = preSolution
		HideSolutionNode = FALSE
	EndGlobalSection
EndGlobal
